<?xml version="1.0" encoding="utf-8"?>
<Project ToolsVersion="4.0" xmlns="http://schemas.microsoft.com/developer/msbuild/2003">
  <ItemGroup>
    <ClCompile Include="template\template.cpp">
      <Filter>template</Filter>
    </ClCompile>
    <ClCompile Include="game.cpp" />
    <ClCompile Include="template\opencl.cpp">
      <Filter>template</Filter>
    </ClCompile>
    <ClCompile Include="template\opengl.cpp">
      <Filter>template</Filter>
    </ClCompile>
    <ClCompile Include="template\sprite.cpp">
      <Filter>template</Filter>
    </ClCompile>
    <ClCompile Include="template\surface.cpp">
      <Filter>template</Filter>
    </ClCompile>
    <ClCompile Include="template\tmpl8math.cpp">
      <Filter>template</Filter>
    </ClCompile>
    <ClCompile Include="MyCode\Entity.cpp" />
    <ClCompile Include="MyCode\Camera.cpp" />
    <ClCompile Include="MyCode\Physics\SAT.cpp" />
    <ClCompile Include="MyCode\Level.cpp" />
    <ClCompile Include="MyCode\Physics\PhysicsScene.cpp" />
    <ClCompile Include="MyCode\Physics\CollisionSolver.cpp" />
    <ClCompile Include="MyCode\Physics\CollisionPair.cpp" />
    <ClCompile Include="MyCode\Physics\PhysicsObject.cpp" />
    <ClCompile Include="MyCode\Physics\ConvexShape.cpp" />
    <ClCompile Include="MyCode\GameplayEntity.cpp" />
  </ItemGroup>
  <ItemGroup>
    <ClInclude Include="template\common.h">
      <Filter>template</Filter>
    </ClInclude>
    <ClInclude Include="template\precomp.h">
      <Filter>template</Filter>
    </ClInclude>
    <ClInclude Include="game.h" />
    <ClInclude Include="cl\tools.cl">
      <Filter>template\cl</Filter>
    </ClInclude>
    <ClInclude Include="template\opencl.h">
      <Filter>template</Filter>
    </ClInclude>
    <ClInclude Include="template\opengl.h">
      <Filter>template</Filter>
    </ClInclude>
    <ClInclude Include="template\sprite.h">
      <Filter>template</Filter>
    </ClInclude>
    <ClInclude Include="template\surface.h">
      <Filter>template</Filter>
    </ClInclude>
    <ClInclude Include="template\tmpl8math.h">
      <Filter>template</Filter>
    </ClInclude>
    <ClInclude Include="MyCode\Entity.h" />
    <ClInclude Include="MyCode\Camera.h" />
    <ClInclude Include="MyCode\Physics\SAT.h" />
    <ClInclude Include="MyCode\Level.h" />
    <ClInclude Include="MyCode\Physics\PhysicsScene.h" />
    <ClInclude Include="MyCode\Physics\CollisionSolver.h" />
    <ClInclude Include="MyCode\Physics\CollisionPair.h" />
    <ClInclude Include="MyCode\Physics\PhysicsObject.h" />
    <ClInclude Include="MyCode\Physics\ConvexShape.h" />
    <ClInclude Include="MyCode\GameplayEntity.h" />
  </ItemGroup>
  <ItemGroup>
    <None Include="template\LICENSE">
      <Filter>template</Filter>
    </None>
    <None Include="README.md">
      <Filter>template</Filter>
    </None>
    <None Include="cl\kernels.cl">
      <Filter>template\cl</Filter>
    </None>
  </ItemGroup>
  <ItemGroup>
    <Filter Include="template">
      <UniqueIdentifier>{a7d6e3cb-bfcd-438d-979f-17df241a55b4}</UniqueIdentifier>
    </Filter>
    <Filter Include="template\cl">
      <UniqueIdentifier>{dc41819e-b6c1-4070-b4c1-0849e444ca7e}</UniqueIdentifier>
    </Filter>
  </ItemGroup>
</Project>